
Microsoft Visual Studio Solution File, Format Version 12.00
# Visual Studio 14
VisualStudioVersion = 14.0.23107.0
MinimumVisualStudioVersion = 10.0.40219.1
Project("{FAE04EC0-301F-11D3-BF4B-00C04F79EFBC}") = "SPSearchIndexLiveliness.Console", "SPSearchIndexLiveliness.Console\SPSearchIndexLiveliness.Console.csproj", "{7908B4AE-1FE0-4D91-B96C-ACBE986999E0}"
EndProject
Project("{2150E333-8FDC-42A3-9474-1A3956D46DE8}") = "Documentation", "Documentation", "{67DCC88A-D20A-472E-A1EA-6B985F9D3D05}"
	ProjectSection(SolutionItems) = preProject
		..\LICENSE = ..\LICENSE
		..\README.md = ..\README.md
	EndProjectSection
EndProject
Global
	GlobalSection(SolutionConfigurationPlatforms) = preSolution
		Debug|Any CPU = Debug|Any CPU
		Release|Any CPU = Release|Any CPU
	EndGlobalSection
	GlobalSection(ProjectConfigurationPlatforms) = postSolution
		{7908B4AE-1FE0-4D91-B96C-ACBE986999E0}.Debug|Any CPU.ActiveCfg = Debug|Any CPU
		{7908B4AE-1FE0-4D91-B96C-ACBE986999E0}.Debug|Any CPU.Build.0 = Debug|Any CPU
		{7908B4AE-1FE0-4D91-B96C-ACBE986999E0}.Release|Any CPU.ActiveCfg = Release|Any CPU
		{7908B4AE-1FE0-4D91-B96C-ACBE986999E0}.Release|Any CPU.Build.0 = Release|Any CPU
	EndGlobalSection
	GlobalSection(SolutionProperties) = preSolution
		HideSolutionNode = FALSE
	EndGlobalSection
EndGlobal
